
Microsoft Visual Studio Solution File, Format Version 12.00
# Visual Studio Version 17
VisualStudioVersion = 17.8.34511.84
MinimumVisualStudioVersion = 10.0.40219.1
Project("{FAE04EC0-301F-11D3-BF4B-00C04F79EFBC}") = "ParkingDemo", "ParkingDemo.csproj", "{84DFAA58-B6B7-44A2-A386-05C0459B2249}"
EndProject
Global
	GlobalSection(SolutionConfigurationPlatforms) = preSolution
		Debug|Any CPU = Debug|Any CPU
		Release|Any CPU = Release|Any CPU
	EndGlobalSection
	GlobalSection(ProjectConfigurationPlatforms) = postSolution
		{84DFAA58-B6B7-44A2-A386-05C0459B2249}.Debug|Any CPU.ActiveCfg = Debug|Any CPU
		{84DFAA58-B6B7-44A2-A386-05C0459B2249}.Debug|Any CPU.Build.0 = Debug|Any CPU
		{84DFAA58-B6B7-44A2-A386-05C0459B2249}.Release|Any CPU.ActiveCfg = Release|Any CPU
		{84DFAA58-B6B7-44A2-A386-05C0459B2249}.Release|Any CPU.Build.0 = Release|Any CPU
	EndGlobalSection
	GlobalSection(SolutionProperties) = preSolution
		HideSolutionNode = FALSE
	EndGlobalSection
	GlobalSection(ExtensibilityGlobals) = postSolution
		SolutionGuid = {D09814F7-F333-4AF5-8DFE-C93D7FE89CE7}
	EndGlobalSection
EndGlobal
